
Microsoft Visual Studio Solution File, Format Version 12.00
Project("{FAE04EC0-301F-11D3-BF4B-00C04F79EFBC}") = "ShipShootRockBreak", "ShipShootRockBreak\ShipShootRockBreak.csproj", "{9CC94C5B-332B-4389-9FA5-92F3EB289845}"
EndProject
Global
	GlobalSection(SolutionConfigurationPlatforms) = preSolution
		Debug|Any CPU = Debug|Any CPU
		Release|Any CPU = Release|Any CPU
	EndGlobalSection
	GlobalSection(ProjectConfigurationPlatforms) = postSolution
		{9CC94C5B-332B-4389-9FA5-92F3EB289845}.Debug|Any CPU.ActiveCfg = Debug|Any CPU
		{9CC94C5B-332B-4389-9FA5-92F3EB289845}.Debug|Any CPU.Build.0 = Debug|Any CPU
		{9CC94C5B-332B-4389-9FA5-92F3EB289845}.Release|Any CPU.ActiveCfg = Release|Any CPU
		{9CC94C5B-332B-4389-9FA5-92F3EB289845}.Release|Any CPU.Build.0 = Release|Any CPU
	EndGlobalSection
EndGlobal
